#MicroXplorer Configuration settings - do not modify
Mcu.Family=STM32F1
SH.GPXTI1.0=GPIO_EXTI1
ProjectManager.MainLocation=Core/Src
RCC.MCOFreq_Value=72000000
PA6.Mode=Full_Duplex_Master
USART2.IPParameters=VirtualMode
ProjectManager.KeepUserCode=true
Mcu.UserName=STM32F103C8Tx
SPI1.VirtualType=VM_MASTER
PB10.Mode=I2C
SH.GPXTI9.0=GPIO_EXTI9
RCC.PLLCLKFreq_Value=72000000
PC13-TAMPER-RTC.GPIOParameters=GPIO_Label
ProjectManager.functionlistsort=1-MX_GPIO_Init-GPIO-false-HAL-true,2-SystemClock_Config-RCC-false-HAL-false,3-MX_I2C2_Init-I2C2-false-HAL-true,4-MX_SPI1_Init-SPI1-false-HAL-true,5-MX_USART2_UART_Init-USART2-false-HAL-true,6-MX_RTC_Init-RTC-false-HAL-true
NVIC.EXTI3_IRQn=true\:0\:0\:false\:false\:true\:true\:true
VP_RTC_VS_RTC_Activate.Mode=RTC_Enabled
RCC.RTCFreq_Value=40000
RCC.ADCFreqValue=36000000
PB0.GPIO_Label=AT25_CS
PB11.Signal=I2C2_SDA
PinOutPanel.RotationAngle=0
RCC.SYSCLKSource=RCC_SYSCLKSOURCE_PLLCLK
ProjectManager.StackSize=0x400
PD1-OSC_OUT.Signal=RCC_OSC_OUT
SH.GPXTI2.0=GPIO_EXTI2
NVIC.RTC_IRQn=true\:0\:0\:false\:false\:true\:true\:true
Mcu.IP4=SPI1
SH.GPXTI7.ConfNb=1
RCC.FCLKCortexFreq_Value=72000000
Mcu.IP5=SYS
NVIC.SVCall_IRQn=true\:0\:0\:false\:false\:true\:false\:false
Mcu.IP2=RCC
VP_RTC_No_RTC_Output.Mode=RTC_OUT_NO
Mcu.IP3=RTC
Mcu.IP0=I2C2
Mcu.IP1=NVIC
SH.GPXTI3.ConfNb=1
Mcu.UserConstants=
Mcu.ThirdPartyNb=0
SPI1.Direction=SPI_DIRECTION_2LINES
RCC.HCLKFreq_Value=72000000
Mcu.IPNb=7
ProjectManager.PreviousToolchain=STM32CubeIDE
RCC.APB2TimFreq_Value=72000000
PB6.Signal=GPXTI6
VP_RTC_No_RTC_Output.Signal=RTC_No_RTC_Output
SPI1.CalculateBaudRate=1.125 MBits/s
Mcu.Pin6=PA1
Mcu.Pin7=PA2
Mcu.Pin8=PA3
Mcu.Pin9=PA5
RCC.AHBFreq_Value=72000000
Mcu.Pin0=PC13-TAMPER-RTC
Mcu.Pin1=PC14-OSC32_IN
GPIO.groupedBy=Group By Peripherals
Mcu.Pin2=PC15-OSC32_OUT
Mcu.Pin3=PD0-OSC_IN
Mcu.Pin4=PD1-OSC_OUT
NVIC.EXTI15_10_IRQn=true\:0\:0\:false\:false\:true\:true\:true
Mcu.Pin5=PA0-WKUP
ProjectManager.ProjectBuild=false
NVIC.UsageFault_IRQn=true\:0\:0\:false\:false\:true\:false\:false
NVIC.DebugMonitor_IRQn=true\:0\:0\:false\:false\:true\:false\:false
PB2.Signal=GPXTI2
PA8.Locked=true
NVIC.SysTick_IRQn=true\:0\:0\:false\:false\:true\:false\:true
RCC.PLLMUL=RCC_PLL_MUL9
SH.GPXTI7.0=GPIO_EXTI7
ProjectManager.FirmwarePackage=STM32Cube FW_F1 V1.8.3
MxDb.Version=DB.6.0.20
PB0.GPIOParameters=GPIO_Label
ProjectManager.BackupPrevious=false
PC14-OSC32_IN.Mode=LSE-External-Oscillator
PA14.Mode=Serial_Wire
File.Version=6
PB7.Signal=GPXTI7
PA8.Signal=GPXTI8
SH.GPXTI11.ConfNb=1
PB6.Locked=true
NVIC.PendSV_IRQn=true\:0\:0\:false\:false\:true\:false\:false
ProjectManager.HalAssertFull=false
PB0.Locked=true
ProjectManager.ProjectName=counter
RCC.PLLMCOFreq_Value=36000000
Mcu.Package=LQFP48
PA6.Signal=SPI1_MISO
SH.GPXTI11.0=GPIO_EXTI11
SH.GPXTI8.0=GPIO_EXTI8
USART2.VirtualMode=VM_ASYNC
ProjectManager.ToolChainLocation=
SH.GPXTI0.0=GPIO_EXTI0
VP_SYS_VS_Systick.Signal=SYS_VS_Systick
SH.GPXTI5.ConfNb=1
SH.GPXTI8.ConfNb=1
PA10.Signal=GPXTI10
NVIC.EXTI2_IRQn=true\:0\:0\:false\:false\:true\:true\:true
RCC.APB1TimFreq_Value=72000000
NVIC.BusFault_IRQn=true\:0\:0\:false\:false\:true\:false\:false
SPI1.BaudRatePrescaler=SPI_BAUDRATEPRESCALER_64
ProjectManager.CustomerFirmwarePackage=
PB3.Locked=true
PB4.Signal=GPXTI4
PA3.Signal=USART2_RX
PA5.Mode=Full_Duplex_Master
VP_RTC_VS_RTC_Activate.Signal=RTC_VS_RTC_Activate
SH.GPXTI10.0=GPIO_EXTI10
RCC.PLLSourceVirtual=RCC_PLLSOURCE_HSE
PC15-OSC32_OUT.Mode=LSE-External-Oscillator
NVIC.EXTI4_IRQn=true\:0\:0\:false\:false\:true\:true\:true
SH.GPXTI5.0=GPIO_EXTI5
ProjectManager.ProjectFileName=counter.ioc
PA7.Mode=Full_Duplex_Master
PD1-OSC_OUT.Mode=HSE-External-Oscillator
Mcu.PinsNb=30
ProjectManager.NoMain=false
SPI1.IPParameters=VirtualType,Mode,Direction,BaudRatePrescaler,CalculateBaudRate
PC13-TAMPER-RTC.Signal=GPIO_Output
SH.GPXTI0.ConfNb=1
ProjectManager.DefaultFWLocation=true
PD0-OSC_IN.Signal=RCC_OSC_IN
ProjectManager.DeletePrevious=true
RCC.APB1CLKDivider=RCC_HCLK_DIV2
PC14-OSC32_IN.Signal=RCC_OSC32_IN
RCC.FamilyName=M
PA0-WKUP.Signal=GPXTI0
PA0-WKUP.Locked=true
SH.GPXTI6.0=GPIO_EXTI6
PA13.Signal=SYS_JTMS-SWDIO
PA3.Mode=Asynchronous
SH.GPXTI6.ConfNb=1
PA11.Locked=true
SH.GPXTI2.ConfNb=1
PB11.Mode=I2C
ProjectManager.TargetToolchain=STM32CubeIDE
PA9.Signal=GPXTI9
PB5.Locked=true
ProjectManager.RegisterCallBack=
PC13-TAMPER-RTC.Locked=true
RCC.USBFreq_Value=72000000
PC15-OSC32_OUT.Signal=RCC_OSC32_OUT
PA1.Signal=GPXTI1
PD0-OSC_IN.Mode=HSE-External-Oscillator
PB10.Signal=I2C2_SCL
PA5.Signal=SPI1_SCK
board=custom
SH.GPXTI3.0=GPIO_EXTI3
ProjectManager.LastFirmware=true
PC13-TAMPER-RTC.GPIO_Label=BOARD_LED
RCC.VCOOutput2Freq_Value=8000000
RCC.APB2Freq_Value=72000000
MxCube.Version=6.2.0
SPI1.Mode=SPI_MODE_MASTER
VP_SYS_VS_Systick.Mode=SysTick
PA9.Locked=true
NVIC.NonMaskableInt_IRQn=true\:0\:0\:false\:false\:true\:false\:false
PA13.Mode=Serial_Wire
ProjectManager.FreePins=false
RCC.IPParameters=ADCFreqValue,AHBFreq_Value,APB1CLKDivider,APB1Freq_Value,APB1TimFreq_Value,APB2Freq_Value,APB2TimFreq_Value,FCLKCortexFreq_Value,FamilyName,HCLKFreq_Value,MCOFreq_Value,PLLCLKFreq_Value,PLLMCOFreq_Value,PLLMUL,PLLSourceVirtual,RTCFreq_Value,SYSCLKFreq_VALUE,SYSCLKSource,TimSysFreq_Value,USBFreq_Value,VCOOutput2Freq_Value
ProjectManager.AskForMigrate=true
Mcu.Name=STM32F103C(8-B)Tx
Mcu.Pin26=PB7
Mcu.Pin27=VP_RTC_VS_RTC_Activate
Mcu.Pin24=PB5
PA2.Signal=USART2_TX
ProjectManager.UnderRoot=true
Mcu.Pin25=PB6
PB2.Locked=true
Mcu.Pin28=VP_RTC_No_RTC_Output
Mcu.IP6=USART2
Mcu.Pin29=VP_SYS_VS_Systick
ProjectManager.CoupleFile=false
PB4.Locked=true
PB3.Signal=GPXTI3
RCC.SYSCLKFreq_VALUE=72000000
Mcu.Pin22=PB3
PB5.Signal=GPXTI5
Mcu.Pin23=PB4
RCC.TimSysFreq_Value=72000000
PA1.Locked=true
Mcu.Pin20=PA13
Mcu.Pin21=PA14
SH.GPXTI4.0=GPIO_EXTI4
PA10.Locked=true
NVIC.ForceEnableDMAVector=true
KeepUserPlacement=false
NVIC.MemoryManagement_IRQn=true\:0\:0\:false\:false\:true\:false\:false
ProjectManager.CompilerOptimize=6
PA11.Signal=GPXTI11
SH.GPXTI9.ConfNb=1
NVIC.EXTI9_5_IRQn=true\:0\:0\:false\:false\:true\:true\:true
PA14.Signal=SYS_JTCK-SWCLK
ProjectManager.HeapSize=0x200
Mcu.Pin15=PB11
NVIC.HardFault_IRQn=true\:0\:0\:false\:false\:true\:false\:false
Mcu.Pin16=PA8
Mcu.Pin13=PB2
SH.GPXTI4.ConfNb=1
Mcu.Pin14=PB10
Mcu.Pin19=PA11
ProjectManager.ComputerToolchain=false
Mcu.Pin17=PA9
Mcu.Pin18=PA10
NVIC.PriorityGroup=NVIC_PRIORITYGROUP_4
Mcu.Pin11=PA7
Mcu.Pin12=PB0
Mcu.Pin10=PA6
SH.GPXTI10.ConfNb=1
PB7.Locked=true
PA2.Mode=Asynchronous
SH.GPXTI1.ConfNb=1
RCC.APB1Freq_Value=36000000
PB0.Signal=GPIO_Output
ProjectManager.DeviceId=STM32F103C8Tx
ProjectManager.LibraryCopy=1
PA7.Signal=SPI1_MOSI
isbadioc=false
